
Microsoft Visual Studio Solution File, Format Version 12.00
# Visual Studio 2012
# SharpDevelop 5.1
VisualStudioVersion = 12.0.20827.3
MinimumVisualStudioVersion = 10.0.40219.1
Project("{FAE04EC0-301F-11D3-BF4B-00C04F79EFBC}") = "changesystem", "changesystem\changesystem.csproj", "{2E60B432-EFDC-44B1-927B-72B77C9FCCC5}"
EndProject
Global
	GlobalSection(SolutionConfigurationPlatforms) = preSolution
		Debug|Any CPU = Debug|Any CPU
		Release|Any CPU = Release|Any CPU
	EndGlobalSection
	GlobalSection(ProjectConfigurationPlatforms) = postSolution
		{2E60B432-EFDC-44B1-927B-72B77C9FCCC5}.Debug|Any CPU.ActiveCfg = Debug|Any CPU
		{2E60B432-EFDC-44B1-927B-72B77C9FCCC5}.Debug|Any CPU.Build.0 = Debug|Any CPU
		{2E60B432-EFDC-44B1-927B-72B77C9FCCC5}.Release|Any CPU.ActiveCfg = Release|Any CPU
		{2E60B432-EFDC-44B1-927B-72B77C9FCCC5}.Release|Any CPU.Build.0 = Release|Any CPU
	EndGlobalSection
EndGlobal
